
Microsoft Visual Studio Solution File, Format Version 12.00
# Visual Studio Version 17
VisualStudioVersion = 17.2.32519.379
MinimumVisualStudioVersion = 10.0.40219.1
Project("{FAE04EC0-301F-11D3-BF4B-00C04F79EFBC}") = "TicTacToeAdaptive", "TicTacToeAdaptive\TicTacToeAdaptive.csproj", "{E29156BD-EEA0-42DD-B809-D769EDDA89EF}"
EndProject
Global
	GlobalSection(SolutionConfigurationPlatforms) = preSolution
		Debug|Any CPU = Debug|Any CPU
		Release|Any CPU = Release|Any CPU
	EndGlobalSection
	GlobalSection(ProjectConfigurationPlatforms) = postSolution
		{E29156BD-EEA0-42DD-B809-D769EDDA89EF}.Debug|Any CPU.ActiveCfg = Debug|Any CPU
		{E29156BD-EEA0-42DD-B809-D769EDDA89EF}.Debug|Any CPU.Build.0 = Debug|Any CPU
		{E29156BD-EEA0-42DD-B809-D769EDDA89EF}.Release|Any CPU.ActiveCfg = Release|Any CPU
		{E29156BD-EEA0-42DD-B809-D769EDDA89EF}.Release|Any CPU.Build.0 = Release|Any CPU
	EndGlobalSection
	GlobalSection(SolutionProperties) = preSolution
		HideSolutionNode = FALSE
	EndGlobalSection
	GlobalSection(ExtensibilityGlobals) = postSolution
		SolutionGuid = {4E38AE66-4277-44F7-A3C8-883DFC55948F}
	EndGlobalSection
EndGlobal
